// !$*UTF8*$!
{
	archiveVersion = 1;
	classes = {
	};
	objectVersion = 50;
	objects = {

/* Begin PBXBuildFile section */
		B66FEF6B20E7EE3500C614E0 /* AppDelegate.m in Sources */ = {isa = PBXBuildFile; fileRef = B66FEF6A20E7EE3500C614E0 /* AppDelegate.m */; };
		B66FEF6E20E7EE3500C614E0 /* ViewController.m in Sources */ = {isa = PBXBuildFile; fileRef = B66FEF6D20E7EE3500C614E0 /* ViewController.m */; };
		B66FEF7120E7EE3500C614E0 /* Main.storyboard in Resources */ = {isa = PBXBuildFile; fileRef = B66FEF6F20E7EE3500C614E0 /* Main.storyboard */; };
		B66FEF7320E7EE3700C614E0 /* Assets.xcassets in Resources */ = {isa = PBXBuildFile; fileRef = B66FEF7220E7EE3700C614E0 /* Assets.xcassets */; };
		B66FEF7620E7EE3700C614E0 /* LaunchScreen.storyboard in Resources */ = {isa = PBXBuildFile; fileRef = B66FEF7420E7EE3700C614E0 /* LaunchScreen.storyboard */; };
		B66FEF7920E7EE3700C614E0 /* main.m in Sources */ = {isa = PBXBuildFile; fileRef = B66FEF7820E7EE3700C614E0 /* main.m */; };
		B66FEF8320E7EE3700C614E0 /* ios_objc_callStackSymbolsTests.m in Sources */ = {isa = PBXBuildFile; fileRef = B66FEF8220E7EE3700C614E0 /* ios_objc_callStackSymbolsTests.m */; };
		B66FEF8E20E7EE3700C614E0 /* ios_objc_callStackSymbolsUITests.m in Sources */ = {isa = PBXBuildFile; fileRef = B66FEF8D20E7EE3700C614E0 /* ios_objc_callStackSymbolsUITests.m */; };
		B66FEF9F20E7F3BD00C614E0 /* Logger.m in Sources */ = {isa = PBXBuildFile; fileRef = B66FEF9E20E7F3BD00C614E0 /* Logger.m */; };
/* End PBXBuildFile section */

/* Begin PBXContainerItemProxy section */
		B66FEF7F20E7EE3700C614E0 /* PBXContainerItemProxy */ = {
			isa = PBXContainerItemProxy;
			containerPortal = B66FEF5E20E7EE3500C614E0 /* Project object */;
			proxyType = 1;
			remoteGlobalIDString = B66FEF6520E7EE3500C614E0;
			remoteInfo = "ios-objc-callStackSymbols";
		};
		B66FEF8A20E7EE3700C614E0 /* PBXContainerItemProxy */ = {
			isa = PBXContainerItemProxy;
			containerPortal = B66FEF5E20E7EE3500C614E0 /* Project object */;
			proxyType = 1;
			remoteGlobalIDString = B66FEF6520E7EE3500C614E0;
			remoteInfo = "ios-objc-callStackSymbols";
		};
/* End PBXContainerItemProxy section */

/* Begin PBXFileReference section */
		B66FEF6620E7EE3500C614E0 /* ios-objc-callStackSymbols.app */ = {isa = PBXFileReference; explicitFileType = wrapper.application; includeInIndex = 0; path = "ios-objc-callStackSymbols.app"; sourceTree = BUILT_PRODUCTS_DIR; };
		B66FEF6920E7EE3500C614E0 /* AppDelegate.h */ = {isa = PBXFileReference; lastKnownFileType = sourcecode.c.h; path = AppDelegate.h; sourceTree = "<group>"; };
		B66FEF6A20E7EE3500C614E0 /* AppDelegate.m */ = {isa = PBXFileReference; lastKnownFileType = sourcecode.c.objc; path = AppDelegate.m; sourceTree = "<group>"; };
		B66FEF6C20E7EE3500C614E0 /* ViewController.h */ = {isa = PBXFileReference; lastKnownFileType = sourcecode.c.h; path = ViewController.h; sourceTree = "<group>"; };
		B66FEF6D20E7EE3500C614E0 /* ViewController.m */ = {isa = PBXFileReference; lastKnownFileType = sourcecode.c.objc; path = ViewController.m; sourceTree = "<group>"; };
		B66FEF7020E7EE3500C614E0 /* Base */ = {isa = PBXFileReference; lastKnownFileType = file.storyboard; name = Base; path = Base.lproj/Main.storyboard; sourceTree = "<group>"; };
		B66FEF7220E7EE3700C614E0 /* Assets.xcassets */ = {isa = PBXFileReference; lastKnownFileType = folder.assetcatalog; path = Assets.xcassets; sourceTree = "<group>"; };
		B66FEF7520E7EE3700C614E0 /* Base */ = {isa = PBXFileReference; lastKnownFileType = file.storyboard; name = Base; path = Base.lproj/LaunchScreen.storyboard; sourceTree = "<group>"; };
		B66FEF7720E7EE3700C614E0 /* Info.plist */ = {isa = PBXFileReference; lastKnownFileType = text.plist.xml; path = Info.plist; sourceTree = "<group>"; };
		B66FEF7820E7EE3700C614E0 /* main.m */ = {isa = PBXFileReference; lastKnownFileType = sourcecode.c.objc; path = main.m; sourceTree = "<group>"; };
		B66FEF7E20E7EE3700C614E0 /* ios-objc-callStackSymbolsTests.xctest */ = {isa = PBXFileReference; explicitFileType = wrapper.cfbundle; includeInIndex = 0; path = "ios-objc-callStackSymbolsTests.xctest"; sourceTree = BUILT_PRODUCTS_DIR; };
		B66FEF8220E7EE3700C614E0 /* ios_objc_callStackSymbolsTests.m */ = {isa = PBXFileReference; lastKnownFileType = sourcecode.c.objc; path = ios_objc_callStackSymbolsTests.m; sourceTree = "<group>"; };
		B66FEF8420E7EE3700C614E0 /* Info.plist */ = {isa = PBXFileReference; lastKnownFileType = text.plist.xml; path = Info.plist; sourceTree = "<group>"; };
		B66FEF8920E7EE3700C614E0 /* ios-objc-callStackSymbolsUITests.xctest */ = {isa = PBXFileReference; explicitFileType = wrapper.cfbundle; includeInIndex = 0; path = "ios-objc-callStackSymbolsUITests.xctest"; sourceTree = BUILT_PRODUCTS_DIR; };
		B66FEF8D20E7EE3700C614E0 /* ios_objc_callStackSymbolsUITests.m */ = {isa = PBXFileReference; lastKnownFileType = sourcecode.c.objc; path = ios_objc_callStackSymbolsUITests.m; sourceTree = "<group>"; };
		B66FEF8F20E7EE3700C614E0 /* Info.plist */ = {isa = PBXFileReference; lastKnownFileType = text.plist.xml; path = Info.plist; sourceTree = "<group>"; };
		B66FEF9D20E7F3BD00C614E0 /* Logger.h */ = {isa = PBXFileReference; lastKnownFileType = sourcecode.c.h; path = Logger.h; sourceTree = "<group>"; };
		B66FEF9E20E7F3BD00C614E0 /* Logger.m */ = {isa = PBXFileReference; lastKnownFileType = sourcecode.c.objc; path = Logger.m; sourceTree = "<group>"; };
/* End PBXFileReference section */

/* Begin PBXFrameworksBuildPhase section */
		B66FEF6320E7EE3500C614E0 /* Frameworks */ = {
			isa = PBXFrameworksBuildPhase;
			buildActionMask = 2147483647;
			files = (
			);
			runOnlyForDeploymentPostprocessing = 0;
		};
		B66FEF7B20E7EE3700C614E0 /* Frameworks */ = {
			isa = PBXFrameworksBuildPhase;
			buildActionMask = 2147483647;
			files = (
			);
			runOnlyForDeploymentPostprocessing = 0;
		};
		B66FEF8620E7EE3700C614E0 /* Frameworks */ = {
			isa = PBXFrameworksBuildPhase;
			buildActionMask = 2147483647;
			files = (
			);
			runOnlyForDeploymentPostprocessing = 0;
		};
/* End PBXFrameworksBuildPhase section */

/* Begin PBXGroup section */
		B66FEF5D20E7EE3500C614E0 = {
			isa = PBXGroup;
			children = (
				B66FEF6820E7EE3500C614E0 /* ios-objc-callStackSymbols */,
				B66FEF8120E7EE3700C614E0 /* ios-objc-callStackSymbolsTests */,
				B66FEF8C20E7EE3700C614E0 /* ios-objc-callStackSymbolsUITests */,
				B66FEF6720E7EE3500C614E0 /* Products */,
			);
			sourceTree = "<group>";
		};
		B66FEF6720E7EE3500C614E0 /* Products */ = {
			isa = PBXGroup;
			children = (
				B66FEF6620E7EE3500C614E0 /* ios-objc-callStackSymbols.app */,
				B66FEF7E20E7EE3700C614E0 /* ios-objc-callStackSymbolsTests.xctest */,
				B66FEF8920E7EE3700C614E0 /* ios-objc-callStackSymbolsUITests.xctest */,
			);
			name = Products;
			sourceTree = "<group>";
		};
		B66FEF6820E7EE3500C614E0 /* ios-objc-callStackSymbols */ = {
			isa = PBXGroup;
			children = (
				B66FEF9C20E7F2E800C614E0 /* Helpers */,
				B66FEF6920E7EE3500C614E0 /* AppDelegate.h */,
				B66FEF6A20E7EE3500C614E0 /* AppDelegate.m */,
				B66FEF6C20E7EE3500C614E0 /* ViewController.h */,
				B66FEF6D20E7EE3500C614E0 /* ViewController.m */,
				B66FEF6F20E7EE3500C614E0 /* Main.storyboard */,
				B66FEF7220E7EE3700C614E0 /* Assets.xcassets */,
				B66FEF7420E7EE3700C614E0 /* LaunchScreen.storyboard */,
				B66FEF7720E7EE3700C614E0 /* Info.plist */,
				B66FEF7820E7EE3700C614E0 /* main.m */,
			);
			path = "ios-objc-callStackSymbols";
			sourceTree = "<group>";
		};
		B66FEF8120E7EE3700C614E0 /* ios-objc-callStackSymbolsTests */ = {
			isa = PBXGroup;
			children = (
				B66FEF8220E7EE3700C614E0 /* ios_objc_callStackSymbolsTests.m */,
				B66FEF8420E7EE3700C614E0 /* Info.plist */,
			);
			path = "ios-objc-callStackSymbolsTests";
			sourceTree = "<group>";
		};
		B66FEF8C20E7EE3700C614E0 /* ios-objc-callStackSymbolsUITests */ = {
			isa = PBXGroup;
			children = (
				B66FEF8D20E7EE3700C614E0 /* ios_objc_callStackSymbolsUITests.m */,
				B66FEF8F20E7EE3700C614E0 /* Info.plist */,
			);
			path = "ios-objc-callStackSymbolsUITests";
			sourceTree = "<group>";
		};
		B66FEF9C20E7F2E800C614E0 /* Helpers */ = {
			isa = PBXGroup;
			children = (
				B66FEF9D20E7F3BD00C614E0 /* Logger.h */,
				B66FEF9E20E7F3BD00C614E0 /* Logger.m */,
			);
			path = Helpers;
			sourceTree = "<group>";
		};
/* End PBXGroup section */

/* Begin PBXNativeTarget section */
		B66FEF6520E7EE3500C614E0 /* ios-objc-callStackSymbols */ = {
			isa = PBXNativeTarget;
			buildConfigurationList = B66FEF9220E7EE3700C614E0 /* Build configuration list for PBXNativeTarget "ios-objc-callStackSymbols" */;
			buildPhases = (
				B66FEF6220E7EE3500C614E0 /* Sources */,
				B66FEF6320E7EE3500C614E0 /* Frameworks */,
				B66FEF6420E7EE3500C614E0 /* Resources */,
			);
			buildRules = (
			);
			dependencies = (
			);
			name = "ios-objc-callStackSymbols";
			productName = "ios-objc-callStackSymbols";
			productReference = B66FEF6620E7EE3500C614E0 /* ios-objc-callStackSymbols.app */;
			productType = "com.apple.product-type.application";
		};
		B66FEF7D20E7EE3700C614E0 /* ios-objc-callStackSymbolsTests */ = {
			isa = PBXNativeTarget;
			buildConfigurationList = B66FEF9520E7EE3700C614E0 /* Build configuration list for PBXNativeTarget "ios-objc-callStackSymbolsTests" */;
			buildPhases = (
				B66FEF7A20E7EE3700C614E0 /* Sources */,
				B66FEF7B20E7EE3700C614E0 /* Frameworks */,
				B66FEF7C20E7EE3700C614E0 /* Resources */,
			);
			buildRules = (
			);
			dependencies = (
				B66FEF8020E7EE3700C614E0 /* PBXTargetDependency */,
			);
			name = "ios-objc-callStackSymbolsTests";
			productName = "ios-objc-callStackSymbolsTests";
			productReference = B66FEF7E20E7EE3700C614E0 /* ios-objc-callStackSymbolsTests.xctest */;
			productType = "com.apple.product-type.bundle.unit-test";
		};
		B66FEF8820E7EE3700C614E0 /* ios-objc-callStackSymbolsUITests */ = {
			isa = PBXNativeTarget;
			buildConfigurationList = B66FEF9820E7EE3700C614E0 /* Build configuration list for PBXNativeTarget "ios-objc-callStackSymbolsUITests" */;
			buildPhases = (
				B66FEF8520E7EE3700C614E0 /* Sources */,
				B66FEF8620E7EE3700C614E0 /* Frameworks */,
				B66FEF8720E7EE3700C614E0 /* Resources */,
			);
			buildRules = (
			);
			dependencies = (
				B66FEF8B20E7EE3700C614E0 /* PBXTargetDependency */,
			);
			name = "ios-objc-callStackSymbolsUITests";
			productName = "ios-objc-callStackSymbolsUITests";
			productReference = B66FEF8920E7EE3700C614E0 /* ios-objc-callStackSymbolsUITests.xctest */;
			productType = "com.apple.product-type.bundle.ui-testing";
		};
/* End PBXNativeTarget section */

/* Begin PBXProject section */
		B66FEF5E20E7EE3500C614E0 /* Project object */ = {
			isa = PBXProject;
			attributes = {
				LastUpgradeCheck = 1000;
				ORGANIZATIONNAME = YukiOkudera;
				TargetAttributes = {
					B66FEF6520E7EE3500C614E0 = {
						CreatedOnToolsVersion = 10.0;
					};
					B66FEF7D20E7EE3700C614E0 = {
						CreatedOnToolsVersion = 10.0;
						TestTargetID = B66FEF6520E7EE3500C614E0;
					};
					B66FEF8820E7EE3700C614E0 = {
						CreatedOnToolsVersion = 10.0;
						TestTargetID = B66FEF6520E7EE3500C614E0;
					};
				};
			};
			buildConfigurationList = B66FEF6120E7EE3500C614E0 /* Build configuration list for PBXProject "ios-objc-callStackSymbols" */;
			compatibilityVersion = "Xcode 9.3";
			developmentRegion = en;
			hasScannedForEncodings = 0;
			knownRegions = (
				en,
				Base,
			);
			mainGroup = B66FEF5D20E7EE3500C614E0;
			productRefGroup = B66FEF6720E7EE3500C614E0 /* Products */;
			projectDirPath = "";
			projectRoot = "";
			targets = (
				B66FEF6520E7EE3500C614E0 /* ios-objc-callStackSymbols */,
				B66FEF7D20E7EE3700C614E0 /* ios-objc-callStackSymbolsTests */,
				B66FEF8820E7EE3700C614E0 /* ios-objc-callStackSymbolsUITests */,
			);
		};
/* End PBXProject section */

/* Begin PBXResourcesBuildPhase section */
		B66FEF6420E7EE3500C614E0 /* Resources */ = {
			isa = PBXResourcesBuildPhase;
			buildActionMask = 2147483647;
			files = (
				B66FEF7620E7EE3700C614E0 /* LaunchScreen.storyboard in Resources */,
				B66FEF7320E7EE3700C614E0 /* Assets.xcassets in Resources */,
				B66FEF7120E7EE3500C614E0 /* Main.storyboard in Resources */,
			);
			runOnlyForDeploymentPostprocessing = 0;
		};
		B66FEF7C20E7EE3700C614E0 /* Resources */ = {
			isa = PBXResourcesBuildPhase;
			buildActionMask = 2147483647;
			files = (
			);
			runOnlyForDeploymentPostprocessing = 0;
		};
		B66FEF8720E7EE3700C614E0 /* Resources */ = {
			isa = PBXResourcesBuildPhase;
			buildActionMask = 2147483647;
			files = (
			);
			runOnlyForDeploymentPostprocessing = 0;
		};
/* End PBXResourcesBuildPhase section */

/* Begin PBXSourcesBuildPhase section */
		B66FEF6220E7EE3500C614E0 /* Sources */ = {
			isa = PBXSourcesBuildPhase;
			buildActionMask = 2147483647;
			files = (
				B66FEF6E20E7EE3500C614E0 /* ViewController.m in Sources */,
				B66FEF7920E7EE3700C614E0 /* main.m in Sources */,
				B66FEF6B20E7EE3500C614E0 /* AppDelegate.m in Sources */,
				B66FEF9F20E7F3BD00C614E0 /* Logger.m in Sources */,
			);
			runOnlyForDeploymentPostprocessing = 0;
		};
		B66FEF7A20E7EE3700C614E0 /* Sources */ = {
			isa = PBXSourcesBuildPhase;
			buildActionMask = 2147483647;
			files = (
				B66FEF8320E7EE3700C614E0 /* ios_objc_callStackSymbolsTests.m in Sources */,
			);
			runOnlyForDeploymentPostprocessing = 0;
		};
		B66FEF8520E7EE3700C614E0 /* Sources */ = {
			isa = PBXSourcesBuildPhase;
			buildActionMask = 2147483647;
			files = (
				B66FEF8E20E7EE3700C614E0 /* ios_objc_callStackSymbolsUITests.m in Sources */,
			);
			runOnlyForDeploymentPostprocessing = 0;
		};
/* End PBXSourcesBuildPhase section */

/* Begin PBXTargetDependency section */
		B66FEF8020E7EE3700C614E0 /* PBXTargetDependency */ = {
			isa = PBXTargetDependency;
			target = B66FEF6520E7EE3500C614E0 /* ios-objc-callStackSymbols */;
			targetProxy = B66FEF7F20E7EE3700C614E0 /* PBXContainerItemProxy */;
		};
		B66FEF8B20E7EE3700C614E0 /* PBXTargetDependency */ = {
			isa = PBXTargetDependency;
			target = B66FEF6520E7EE3500C614E0 /* ios-objc-callStackSymbols */;
			targetProxy = B66FEF8A20E7EE3700C614E0 /* PBXContainerItemProxy */;
		};
/* End PBXTargetDependency section */

/* Begin PBXVariantGroup section */
		B66FEF6F20E7EE3500C614E0 /* Main.storyboard */ = {
			isa = PBXVariantGroup;
			children = (
				B66FEF7020E7EE3500C614E0 /* Base */,
			);
			name = Main.storyboard;
			sourceTree = "<group>";
		};
		B66FEF7420E7EE3700C614E0 /* LaunchScreen.storyboard */ = {
			isa = PBXVariantGroup;
			children = (
				B66FEF7520E7EE3700C614E0 /* Base */,
			);
			name = LaunchScreen.storyboard;
			sourceTree = "<group>";
		};
/* End PBXVariantGroup section */

/* Begin XCBuildConfiguration section */
		B66FEF9020E7EE3700C614E0 /* Debug */ = {
			isa = XCBuildConfiguration;
			buildSettings = {
				ALWAYS_SEARCH_USER_PATHS = NO;
				CLANG_ANALYZER_NONNULL = YES;
				CLANG_ANALYZER_NUMBER_OBJECT_CONVERSION = YES_AGGRESSIVE;
				CLANG_CXX_LANGUAGE_STANDARD = "gnu++14";
				CLANG_CXX_LIBRARY = "libc++";
				CLANG_ENABLE_MODULES = YES;
				CLANG_ENABLE_OBJC_ARC = YES;
				CLANG_ENABLE_OBJC_WEAK = YES;
				CLANG_WARN_BLOCK_CAPTURE_AUTORELEASING = YES;
				CLANG_WARN_BOOL_CONVERSION = YES;
				CLANG_WARN_COMMA = YES;
				CLANG_WARN_CONSTANT_CONVERSION = YES;
				CLANG_WARN_DEPRECATED_OBJC_IMPLEMENTATIONS = YES;
				CLANG_WARN_DIRECT_OBJC_ISA_USAGE = YES_ERROR;
				CLANG_WARN_DOCUMENTATION_COMMENTS = YES;
				CLANG_WARN_EMPTY_BODY = YES;
				CLANG_WARN_ENUM_CONVERSION = YES;
				CLANG_WARN_INFINITE_RECURSION = YES;
				CLANG_WARN_INT_CONVERSION = YES;
				CLANG_WARN_NON_LITERAL_NULL_CONVERSION = YES;
				CLANG_WARN_OBJC_IMPLICIT_RETAIN_SELF = YES;
				CLANG_WARN_OBJC_LITERAL_CONVERSION = YES;
				CLANG_WARN_OBJC_ROOT_CLASS = YES_ERROR;
				CLANG_WARN_RANGE_LOOP_ANALYSIS = YES;
				CLANG_WARN_STRICT_PROTOTYPES = YES;
				CLANG_WARN_SUSPICIOUS_MOVE = YES;
				CLANG_WARN_UNGUARDED_AVAILABILITY = YES_AGGRESSIVE;
				CLANG_WARN_UNREACHABLE_CODE = YES;
				CLANG_WARN__DUPLICATE_METHOD_MATCH = YES;
				CODE_SIGN_IDENTITY = "iPhone Developer";
				COPY_PHASE_STRIP = NO;
				DEBUG_INFORMATION_FORMAT = dwarf;
				ENABLE_STRICT_OBJC_MSGSEND = YES;
				ENABLE_TESTABILITY = YES;
				GCC_C_LANGUAGE_STANDARD = gnu11;
				GCC_DYNAMIC_NO_PIC = NO;
				GCC_NO_COMMON_BLOCKS = YES;
				GCC_OPTIMIZATION_LEVEL = 0;
				GCC_PREPROCESSOR_DEFINITIONS = (
					"DEBUG=1",
					"$(inherited)",
				);
				GCC_WARN_64_TO_32_BIT_CONVERSION = YES;
				GCC_WARN_ABOUT_RETURN_TYPE = YES_ERROR;
				GCC_WARN_UNDECLARED_SELECTOR = YES;
				GCC_WARN_UNINITIALIZED_AUTOS = YES_AGGRESSIVE;
				GCC_WARN_UNUSED_FUNCTION = YES;
				GCC_WARN_UNUSED_VARIABLE = YES;
				IPHONEOS_DEPLOYMENT_TARGET = 12.0;
				MTL_ENABLE_DEBUG_INFO = INCLUDE_SOURCE;
				ONLY_ACTIVE_ARCH = YES;
				SDKROOT = iphoneos;
			};
			name = Debug;
		};
		B66FEF9120E7EE3700C614E0 /* Release */ = {
			isa = XCBuildConfiguration;
			buildSettings = {
				ALWAYS_SEARCH_USER_PATHS = NO;
				CLANG_ANALYZER_NONNULL = YES;
				CLANG_ANALYZER_NUMBER_OBJECT_CONVERSION = YES_AGGRESSIVE;
				CLANG_CXX_LANGUAGE_STANDARD = "gnu++14";
				CLANG_CXX_LIBRARY = "libc++";
				CLANG_ENABLE_MODULES = YES;
				CLANG_ENABLE_OBJC_ARC = YES;
				CLANG_ENABLE_OBJC_WEAK = YES;
				CLANG_WARN_BLOCK_CAPTURE_AUTORELEASING = YES;
				CLANG_WARN_BOOL_CONVERSION = YES;
				CLANG_WARN_COMMA = YES;
				CLANG_WARN_CONSTANT_CONVERSION = YES;
				CLANG_WARN_DEPRECATED_OBJC_IMPLEMENTATIONS = YES;
				CLANG_WARN_DIRECT_OBJC_ISA_USAGE = YES_ERROR;
				CLANG_WARN_DOCUMENTATION_COMMENTS = YES;
				CLANG_WARN_EMPTY_BODY = YES;
				CLANG_WARN_ENUM_CONVERSION = YES;
				CLANG_WARN_INFINITE_RECURSION = YES;
				CLANG_WARN_INT_CONVERSION = YES;
				CLANG_WARN_NON_LITERAL_NULL_CONVERSION = YES;
				CLANG_WARN_OBJC_IMPLICIT_RETAIN_SELF = YES;
				CLANG_WARN_OBJC_LITERAL_CONVERSION = YES;
				CLANG_WARN_OBJC_ROOT_CLASS = YES_ERROR;
				CLANG_WARN_RANGE_LOOP_ANALYSIS = YES;
				CLANG_WARN_STRICT_PROTOTYPES = YES;
				CLANG_WARN_SUSPICIOUS_MOVE = YES;
				CLANG_WARN_UNGUARDED_AVAILABILITY = YES_AGGRESSIVE;
				CLANG_WARN_UNREACHABLE_CODE = YES;
				CLANG_WARN__DUPLICATE_METHOD_MATCH = YES;
				CODE_SIGN_IDENTITY = "iPhone Developer";
				COPY_PHASE_STRIP = NO;
				DEBUG_INFORMATION_FORMAT = "dwarf-with-dsym";
				ENABLE_NS_ASSERTIONS = NO;
				ENABLE_STRICT_OBJC_MSGSEND = YES;
				GCC_C_LANGUAGE_STANDARD = gnu11;
				GCC_NO_COMMON_BLOCKS = YES;
				GCC_WARN_64_TO_32_BIT_CONVERSION = YES;
				GCC_WARN_ABOUT_RETURN_TYPE = YES_ERROR;
				GCC_WARN_UNDECLARED_SELECTOR = YES;
				GCC_WARN_UNINITIALIZED_AUTOS = YES_AGGRESSIVE;
				GCC_WARN_UNUSED_FUNCTION = YES;
				GCC_WARN_UNUSED_VARIABLE = YES;
				IPHONEOS_DEPLOYMENT_TARGET = 12.0;
				MTL_ENABLE_DEBUG_INFO = NO;
				SDKROOT = iphoneos;
				VALIDATE_PRODUCT = YES;
			};
			name = Release;
		};
		B66FEF9320E7EE3700C614E0 /* Debug */ = {
			isa = XCBuildConfiguration;
			buildSettings = {
				ASSETCATALOG_COMPILER_APPICON_NAME = AppIcon;
				CODE_SIGN_STYLE = Automatic;
				DEVELOPMENT_TEAM = B8PR34D6DP;
				INFOPLIST_FILE = "ios-objc-callStackSymbols/Info.plist";
				IPHONEOS_DEPLOYMENT_TARGET = 10.0;
				LD_RUNPATH_SEARCH_PATHS = (
					"$(inherited)",
					"@executable_path/Frameworks",
				);
				PRODUCT_BUNDLE_IDENTIFIER = "jp.yuoku.ios-objc-callStackSymbols";
				PRODUCT_NAME = "$(TARGET_NAME)";
				TARGETED_DEVICE_FAMILY = "1,2";
			};
			name = Debug;
		};
		B66FEF9420E7EE3700C614E0 /* Release */ = {
			isa = XCBuildConfiguration;
			buildSettings = {
				ASSETCATALOG_COMPILER_APPICON_NAME = AppIcon;
				CODE_SIGN_STYLE = Automatic;
				DEVELOPMENT_TEAM = B8PR34D6DP;
				INFOPLIST_FILE = "ios-objc-callStackSymbols/Info.plist";
				IPHONEOS_DEPLOYMENT_TARGET = 10.0;
				LD_RUNPATH_SEARCH_PATHS = (
					"$(inherited)",
					"@executable_path/Frameworks",
				);
				PRODUCT_BUNDLE_IDENTIFIER = "jp.yuoku.ios-objc-callStackSymbols";
				PRODUCT_NAME = "$(TARGET_NAME)";
				TARGETED_DEVICE_FAMILY = "1,2";
			};
			name = Release;
		};
		B66FEF9620E7EE3700C614E0 /* Debug */ = {
			isa = XCBuildConfiguration;
			buildSettings = {
				BUNDLE_LOADER = "$(TEST_HOST)";
				CODE_SIGN_STYLE = Automatic;
				DEVELOPMENT_TEAM = B8PR34D6DP;
				INFOPLIST_FILE = "ios-objc-callStackSymbolsTests/Info.plist";
				LD_RUNPATH_SEARCH_PATHS = (
					"$(inherited)",
					"@executable_path/Frameworks",
					"@loader_path/Frameworks",
				);
				PRODUCT_BUNDLE_IDENTIFIER = "jp.yuoku.ios-objc-callStackSymbolsTests";
				PRODUCT_NAME = "$(TARGET_NAME)";
				TARGETED_DEVICE_FAMILY = "1,2";
				TEST_HOST = "$(BUILT_PRODUCTS_DIR)/ios-objc-callStackSymbols.app/ios-objc-callStackSymbols";
			};
			name = Debug;
		};
		B66FEF9720E7EE3700C614E0 /* Release */ = {
			isa = XCBuildConfiguration;
			buildSettings = {
				BUNDLE_LOADER = "$(TEST_HOST)";
				CODE_SIGN_STYLE = Automatic;
				DEVELOPMENT_TEAM = B8PR34D6DP;
				INFOPLIST_FILE = "ios-objc-callStackSymbolsTests/Info.plist";
				LD_RUNPATH_SEARCH_PATHS = (
					"$(inherited)",
					"@executable_path/Frameworks",
					"@loader_path/Frameworks",
				);
				PRODUCT_BUNDLE_IDENTIFIER = "jp.yuoku.ios-objc-callStackSymbolsTests";
				PRODUCT_NAME = "$(TARGET_NAME)";
				TARGETED_DEVICE_FAMILY = "1,2";
				TEST_HOST = "$(BUILT_PRODUCTS_DIR)/ios-objc-callStackSymbols.app/ios-objc-callStackSymbols";
			};
			name = Release;
		};
		B66FEF9920E7EE3700C614E0 /* Debug */ = {
			isa = XCBuildConfiguration;
			buildSettings = {
				CODE_SIGN_STYLE = Automatic;
				DEVELOPMENT_TEAM = B8PR34D6DP;
				INFOPLIST_FILE = "ios-objc-callStackSymbolsUITests/Info.plist";
				LD_RUNPATH_SEARCH_PATHS = (
					"$(inherited)",
					"@executable_path/Frameworks",
					"@loader_path/Frameworks",
				);
				PRODUCT_BUNDLE_IDENTIFIER = "jp.yuoku.ios-objc-callStackSymbolsUITests";
				PRODUCT_NAME = "$(TARGET_NAME)";
				TARGETED_DEVICE_FAMILY = "1,2";
				TEST_TARGET_NAME = "ios-objc-callStackSymbols";
			};
			name = Debug;
		};
		B66FEF9A20E7EE3700C614E0 /* Release */ = {
			isa = XCBuildConfiguration;
			buildSettings = {
				CODE_SIGN_STYLE = Automatic;
				DEVELOPMENT_TEAM = B8PR34D6DP;
				INFOPLIST_FILE = "ios-objc-callStackSymbolsUITests/Info.plist";
				LD_RUNPATH_SEARCH_PATHS = (
					"$(inherited)",
					"@executable_path/Frameworks",
					"@loader_path/Frameworks",
				);
				PRODUCT_BUNDLE_IDENTIFIER = "jp.yuoku.ios-objc-callStackSymbolsUITests";
				PRODUCT_NAME = "$(TARGET_NAME)";
				TARGETED_DEVICE_FAMILY = "1,2";
				TEST_TARGET_NAME = "ios-objc-callStackSymbols";
			};
			name = Release;
		};
/* End XCBuildConfiguration section */

/* Begin XCConfigurationList section */
		B66FEF6120E7EE3500C614E0 /* Build configuration list for PBXProject "ios-objc-callStackSymbols" */ = {
			isa = XCConfigurationList;
			buildConfigurations = (
				B66FEF9020E7EE3700C614E0 /* Debug */,
				B66FEF9120E7EE3700C614E0 /* Release */,
			);
			defaultConfigurationIsVisible = 0;
			defaultConfigurationName = Release;
		};
		B66FEF9220E7EE3700C614E0 /* Build configuration list for PBXNativeTarget "ios-objc-callStackSymbols" */ = {
			isa = XCConfigurationList;
			buildConfigurations = (
				B66FEF9320E7EE3700C614E0 /* Debug */,
				B66FEF9420E7EE3700C614E0 /* Release */,
			);
			defaultConfigurationIsVisible = 0;
			defaultConfigurationName = Release;
		};
		B66FEF9520E7EE3700C614E0 /* Build configuration list for PBXNativeTarget "ios-objc-callStackSymbolsTests" */ = {
			isa = XCConfigurationList;
			buildConfigurations = (
				B66FEF9620E7EE3700C614E0 /* Debug */,
				B66FEF9720E7EE3700C614E0 /* Release */,
			);
			defaultConfigurationIsVisible = 0;
			defaultConfigurationName = Release;
		};
		B66FEF9820E7EE3700C614E0 /* Build configuration list for PBXNativeTarget "ios-objc-callStackSymbolsUITests" */ = {
			isa = XCConfigurationList;
			buildConfigurations = (
				B66FEF9920E7EE3700C614E0 /* Debug */,
				B66FEF9A20E7EE3700C614E0 /* Release */,
			);
			defaultConfigurationIsVisible = 0;
			defaultConfigurationName = Release;
		};
/* End XCConfigurationList section */
	};
	rootObject = B66FEF5E20E7EE3500C614E0 /* Project object */;
}
